
Microsoft Visual Studio Solution File, Format Version 12.00
# Visual Studio Version 17
VisualStudioVersion = 17.4.33205.214
MinimumVisualStudioVersion = 10.0.40219.1
Project("{9A19103F-16F7-4668-BE54-9A1E7A4F7556}") = "VersionUp.Core", "VersionUp.Core\VersionUp.Core.csproj", "{9A22E926-3A57-4CCE-B9BC-6170A18502FD}"
EndProject
Project("{9A19103F-16F7-4668-BE54-9A1E7A4F7556}") = "VersionUp.Core.Test", "VersionUp.Core.Test\VersionUp.Core.Test.csproj", "{472DE743-494A-453C-96FC-3F8DE2BD8B93}"
EndProject
Project("{2150E333-8FDC-42A3-9474-1A3956D46DE8}") = "Example", "Example", "{2A0FF5D0-6EAC-48C9-A8ED-D61CFAE0DA27}"
EndProject
Project("{FAE04EC0-301F-11D3-BF4B-00C04F79EFBC}") = "VersionUp.Core.ExampleNet7", "VersionUp.Core.ExampleNet7\VersionUp.Core.ExampleNet7.csproj", "{5982DF61-1E15-4113-8243-378F3235CA69}"
EndProject
Global
	GlobalSection(SolutionConfigurationPlatforms) = preSolution
		Debug|Any CPU = Debug|Any CPU
		Release|Any CPU = Release|Any CPU
	EndGlobalSection
	GlobalSection(ProjectConfigurationPlatforms) = postSolution
		{9A22E926-3A57-4CCE-B9BC-6170A18502FD}.Debug|Any CPU.ActiveCfg = Debug|Any CPU
		{9A22E926-3A57-4CCE-B9BC-6170A18502FD}.Debug|Any CPU.Build.0 = Debug|Any CPU
		{9A22E926-3A57-4CCE-B9BC-6170A18502FD}.Release|Any CPU.ActiveCfg = Release|Any CPU
		{9A22E926-3A57-4CCE-B9BC-6170A18502FD}.Release|Any CPU.Build.0 = Release|Any CPU
		{472DE743-494A-453C-96FC-3F8DE2BD8B93}.Debug|Any CPU.ActiveCfg = Debug|Any CPU
		{472DE743-494A-453C-96FC-3F8DE2BD8B93}.Debug|Any CPU.Build.0 = Debug|Any CPU
		{472DE743-494A-453C-96FC-3F8DE2BD8B93}.Release|Any CPU.ActiveCfg = Release|Any CPU
		{472DE743-494A-453C-96FC-3F8DE2BD8B93}.Release|Any CPU.Build.0 = Release|Any CPU
		{5982DF61-1E15-4113-8243-378F3235CA69}.Debug|Any CPU.ActiveCfg = Debug|Any CPU
		{5982DF61-1E15-4113-8243-378F3235CA69}.Debug|Any CPU.Build.0 = Debug|Any CPU
		{5982DF61-1E15-4113-8243-378F3235CA69}.Release|Any CPU.ActiveCfg = Release|Any CPU
		{5982DF61-1E15-4113-8243-378F3235CA69}.Release|Any CPU.Build.0 = Release|Any CPU
	EndGlobalSection
	GlobalSection(SolutionProperties) = preSolution
		HideSolutionNode = FALSE
	EndGlobalSection
	GlobalSection(NestedProjects) = preSolution
		{5982DF61-1E15-4113-8243-378F3235CA69} = {2A0FF5D0-6EAC-48C9-A8ED-D61CFAE0DA27}
	EndGlobalSection
	GlobalSection(ExtensibilityGlobals) = postSolution
		SolutionGuid = {97D47B75-2C75-45C1-9800-D95CE527ADFA}
	EndGlobalSection
EndGlobal
